
Microsoft Visual Studio Solution File, Format Version 12.00
# Visual Studio Version 17
VisualStudioVersion = 17.5.001.0
MinimumVisualStudioVersion = 10.0.40219.1
Project("{9A19103F-16F7-4668-BE54-9A1E7A4F7556}") = "TicTacToe", "TicTacToe.csproj", "{EB23AD22-B14E-410A-BE30-11F788E8D19E}"
EndProject
Global
	GlobalSection(SolutionConfigurationPlatforms) = preSolution
		Debug|Any CPU = Debug|Any CPU
		Release|Any CPU = Release|Any CPU
	EndGlobalSection
	GlobalSection(ProjectConfigurationPlatforms) = postSolution
		{EB23AD22-B14E-410A-BE30-11F788E8D19E}.Debug|Any CPU.ActiveCfg = Debug|Any CPU
		{EB23AD22-B14E-410A-BE30-11F788E8D19E}.Debug|Any CPU.Build.0 = Debug|Any CPU
		{EB23AD22-B14E-410A-BE30-11F788E8D19E}.Release|Any CPU.ActiveCfg = Release|Any CPU
		{EB23AD22-B14E-410A-BE30-11F788E8D19E}.Release|Any CPU.Build.0 = Release|Any CPU
	EndGlobalSection
	GlobalSection(SolutionProperties) = preSolution
		HideSolutionNode = FALSE
	EndGlobalSection
	GlobalSection(ExtensibilityGlobals) = postSolution
		SolutionGuid = {9B1A68C1-0F95-43AC-9BEF-FE44F78498DD}
	EndGlobalSection
EndGlobal
